
Microsoft Visual Studio Solution File, Format Version 12.00
# Visual Studio Version 17
VisualStudioVersion = 17.9.34701.34
MinimumVisualStudioVersion = 10.0.40219.1
Project("{FAE04EC0-301F-11D3-BF4B-00C04F79EFBC}") = "APIRegistroMantenimientoEquipos", "APIRegistroMantenimientoEquipos\APIRegistroMantenimientoEquipos.csproj", "{4448BB90-4430-4781-828A-E6B5881393D8}"
EndProject
Global
	GlobalSection(SolutionConfigurationPlatforms) = preSolution
		Debug|Any CPU = Debug|Any CPU
		Release|Any CPU = Release|Any CPU
	EndGlobalSection
	GlobalSection(ProjectConfigurationPlatforms) = postSolution
		{4448BB90-4430-4781-828A-E6B5881393D8}.Debug|Any CPU.ActiveCfg = Debug|Any CPU
		{4448BB90-4430-4781-828A-E6B5881393D8}.Debug|Any CPU.Build.0 = Debug|Any CPU
		{4448BB90-4430-4781-828A-E6B5881393D8}.Release|Any CPU.ActiveCfg = Release|Any CPU
		{4448BB90-4430-4781-828A-E6B5881393D8}.Release|Any CPU.Build.0 = Release|Any CPU
	EndGlobalSection
	GlobalSection(SolutionProperties) = preSolution
		HideSolutionNode = FALSE
	EndGlobalSection
	GlobalSection(ExtensibilityGlobals) = postSolution
		SolutionGuid = {ACD60126-C9EF-4DB9-8FB0-E0408D79DDF7}
	EndGlobalSection
EndGlobal
